{
    "_meta": {
        "hash": {
            "sha256": "1337c354c187c31f4ad915bc05b5f58e09fdd952f7be70a1f42ba584f250f06a"
        },
        "host-environment-markers": {
            "implementation_name": "cpython",
            "implementation_version": "3.6.5",
            "os_name": "nt",
            "platform_machine": "AMD64",
            "platform_python_implementation": "CPython",
            "platform_release": "10",
            "platform_system": "Windows",
            "platform_version": "10.0.17134",
            "python_full_version": "3.6.5",
            "python_version": "3.6",
            "sys_platform": "win32"
        },
        "pipfile-spec": 6,
        "requires": {
            "python_version": "3.6"
        },
        "sources": [
            {
                "name": "pypi",
                "url": "https://pypi.python.org/simple",
                "verify_ssl": true
            }
        ]
    },
    "default": {
        "discord.py": {
            "git": "https://github.com/Rapptz/discord.py",
            "ref": "rewrite"
        }
    },
    "develop": {}
}
